// !$*UTF8*$!
{
	archiveVersion = 1;
	classes = {
	};
	objectVersion = 50;
	objects = {

/* Begin PBXBuildFile section */
		A9B037DE24C1E03B00085E03 /* AppDelegate.swift in Sources */ = {isa = PBXBuildFile; fileRef = A9B037DD24C1E03B00085E03 /* AppDelegate.swift */; };
		A9B037E024C1E03B00085E03 /* SceneDelegate.swift in Sources */ = {isa = PBXBuildFile; fileRef = A9B037DF24C1E03B00085E03 /* SceneDelegate.swift */; };
		A9B037E324C1E03B00085E03 /* Bar_Graph.xcdatamodeld in Sources */ = {isa = PBXBuildFile; fileRef = A9B037E124C1E03B00085E03 /* Bar_Graph.xcdatamodeld */; };
		A9B037E524C1E03B00085E03 /* ContentView.swift in Sources */ = {isa = PBXBuildFile; fileRef = A9B037E424C1E03B00085E03 /* ContentView.swift */; };
		A9B037E724C1E03D00085E03 /* Assets.xcassets in Resources */ = {isa = PBXBuildFile; fileRef = A9B037E624C1E03D00085E03 /* Assets.xcassets */; };
		A9B037EA24C1E03D00085E03 /* Preview Assets.xcassets in Resources */ = {isa = PBXBuildFile; fileRef = A9B037E924C1E03D00085E03 /* Preview Assets.xcassets */; };
		A9B037ED24C1E03D00085E03 /* LaunchScreen.storyboard in Resources */ = {isa = PBXBuildFile; fileRef = A9B037EB24C1E03D00085E03 /* LaunchScreen.storyboard */; };
		A9B037F524C1E07000085E03 /* Report.swift in Sources */ = {isa = PBXBuildFile; fileRef = A9B037F424C1E07000085E03 /* Report.swift */; };
		A9B037F724C1E08100085E03 /* BarView.swift in Sources */ = {isa = PBXBuildFile; fileRef = A9B037F624C1E08100085E03 /* BarView.swift */; };
		A9B037F924C1E09100085E03 /* Bar Graph.swift in Sources */ = {isa = PBXBuildFile; fileRef = A9B037F824C1E09100085E03 /* Bar Graph.swift */; };
/* End PBXBuildFile section */

/* Begin PBXFileReference section */
		A9B037DA24C1E03B00085E03 /* Bar Graph.app */ = {isa = PBXFileReference; explicitFileType = wrapper.application; includeInIndex = 0; path = "Bar Graph.app"; sourceTree = BUILT_PRODUCTS_DIR; };
		A9B037DD24C1E03B00085E03 /* AppDelegate.swift */ = {isa = PBXFileReference; lastKnownFileType = sourcecode.swift; path = AppDelegate.swift; sourceTree = "<group>"; };
		A9B037DF24C1E03B00085E03 /* SceneDelegate.swift */ = {isa = PBXFileReference; lastKnownFileType = sourcecode.swift; path = SceneDelegate.swift; sourceTree = "<group>"; };
		A9B037E224C1E03B00085E03 /* Bar_Graph.xcdatamodel */ = {isa = PBXFileReference; lastKnownFileType = wrapper.xcdatamodel; path = Bar_Graph.xcdatamodel; sourceTree = "<group>"; };
		A9B037E424C1E03B00085E03 /* ContentView.swift */ = {isa = PBXFileReference; lastKnownFileType = sourcecode.swift; path = ContentView.swift; sourceTree = "<group>"; };
		A9B037E624C1E03D00085E03 /* Assets.xcassets */ = {isa = PBXFileReference; lastKnownFileType = folder.assetcatalog; path = Assets.xcassets; sourceTree = "<group>"; };
		A9B037E924C1E03D00085E03 /* Preview Assets.xcassets */ = {isa = PBXFileReference; lastKnownFileType = folder.assetcatalog; path = "Preview Assets.xcassets"; sourceTree = "<group>"; };
		A9B037EC24C1E03D00085E03 /* Base */ = {isa = PBXFileReference; lastKnownFileType = file.storyboard; name = Base; path = Base.lproj/LaunchScreen.storyboard; sourceTree = "<group>"; };
		A9B037EE24C1E03D00085E03 /* Info.plist */ = {isa = PBXFileReference; lastKnownFileType = text.plist.xml; path = Info.plist; sourceTree = "<group>"; };
		A9B037F424C1E07000085E03 /* Report.swift */ = {isa = PBXFileReference; lastKnownFileType = sourcecode.swift; path = Report.swift; sourceTree = "<group>"; };
		A9B037F624C1E08100085E03 /* BarView.swift */ = {isa = PBXFileReference; lastKnownFileType = sourcecode.swift; path = BarView.swift; sourceTree = "<group>"; };
		A9B037F824C1E09100085E03 /* Bar Graph.swift */ = {isa = PBXFileReference; lastKnownFileType = sourcecode.swift; path = "Bar Graph.swift"; sourceTree = "<group>"; };
/* End PBXFileReference section */

/* Begin PBXFrameworksBuildPhase section */
		A9B037D724C1E03B00085E03 /* Frameworks */ = {
			isa = PBXFrameworksBuildPhase;
			buildActionMask = 2147483647;
			files = (
			);
			runOnlyForDeploymentPostprocessing = 0;
		};
/* End PBXFrameworksBuildPhase section */

/* Begin PBXGroup section */
		A9B037D124C1E03B00085E03 = {
			isa = PBXGroup;
			children = (
				A9B037DC24C1E03B00085E03 /* Bar Graph */,
				A9B037DB24C1E03B00085E03 /* Products */,
			);
			sourceTree = "<group>";
		};
		A9B037DB24C1E03B00085E03 /* Products */ = {
			isa = PBXGroup;
			children = (
				A9B037DA24C1E03B00085E03 /* Bar Graph.app */,
			);
			name = Products;
			sourceTree = "<group>";
		};
		A9B037DC24C1E03B00085E03 /* Bar Graph */ = {
			isa = PBXGroup;
			children = (
				A9B037FC24C1E0B600085E03 /* Utils */,
				A9B037FB24C1E0A900085E03 /* Views */,
				A9B037FA24C1E09800085E03 /* Model */,
			);
			path = "Bar Graph";
			sourceTree = "<group>";
		};
		A9B037E824C1E03D00085E03 /* Preview Content */ = {
			isa = PBXGroup;
			children = (
				A9B037E924C1E03D00085E03 /* Preview Assets.xcassets */,
			);
			path = "Preview Content";
			sourceTree = "<group>";
		};
		A9B037FA24C1E09800085E03 /* Model */ = {
			isa = PBXGroup;
			children = (
				A9B037F424C1E07000085E03 /* Report.swift */,
			);
			path = Model;
			sourceTree = "<group>";
		};
		A9B037FB24C1E0A900085E03 /* Views */ = {
			isa = PBXGroup;
			children = (
				A9B037E424C1E03B00085E03 /* ContentView.swift */,
				A9B037F624C1E08100085E03 /* BarView.swift */,
				A9B037F824C1E09100085E03 /* Bar Graph.swift */,
			);
			path = Views;
			sourceTree = "<group>";
		};
		A9B037FC24C1E0B600085E03 /* Utils */ = {
			isa = PBXGroup;
			children = (
				A9B037DD24C1E03B00085E03 /* AppDelegate.swift */,
				A9B037DF24C1E03B00085E03 /* SceneDelegate.swift */,
				A9B037E624C1E03D00085E03 /* Assets.xcassets */,
				A9B037EB24C1E03D00085E03 /* LaunchScreen.storyboard */,
				A9B037EE24C1E03D00085E03 /* Info.plist */,
				A9B037E124C1E03B00085E03 /* Bar_Graph.xcdatamodeld */,
				A9B037E824C1E03D00085E03 /* Preview Content */,
			);
			path = Utils;
			sourceTree = "<group>";
		};
/* End PBXGroup section */

/* Begin PBXNativeTarget section */
		A9B037D924C1E03B00085E03 /* Bar Graph */ = {
			isa = PBXNativeTarget;
			buildConfigurationList = A9B037F124C1E03D00085E03 /* Build configuration list for PBXNativeTarget "Bar Graph" */;
			buildPhases = (
				A9B037D624C1E03B00085E03 /* Sources */,
				A9B037D724C1E03B00085E03 /* Frameworks */,
				A9B037D824C1E03B00085E03 /* Resources */,
			);
			buildRules = (
			);
			dependencies = (
			);
			name = "Bar Graph";
			productName = "Bar Graph";
			productReference = A9B037DA24C1E03B00085E03 /* Bar Graph.app */;
			productType = "com.apple.product-type.application";
		};
/* End PBXNativeTarget section */

/* Begin PBXProject section */
		A9B037D224C1E03B00085E03 /* Project object */ = {
			isa = PBXProject;
			attributes = {
				LastSwiftUpdateCheck = 1150;
				LastUpgradeCheck = 1150;
				ORGANIZATIONNAME = "Marco Lopes";
				TargetAttributes = {
					A9B037D924C1E03B00085E03 = {
						CreatedOnToolsVersion = 11.5;
					};
				};
			};
			buildConfigurationList = A9B037D524C1E03B00085E03 /* Build configuration list for PBXProject "Bar Graph" */;
			compatibilityVersion = "Xcode 9.3";
			developmentRegion = en;
			hasScannedForEncodings = 0;
			knownRegions = (
				en,
				Base,
			);
			mainGroup = A9B037D124C1E03B00085E03;
			productRefGroup = A9B037DB24C1E03B00085E03 /* Products */;
			projectDirPath = "";
			projectRoot = "";
			targets = (
				A9B037D924C1E03B00085E03 /* Bar Graph */,
			);
		};
/* End PBXProject section */

/* Begin PBXResourcesBuildPhase section */
		A9B037D824C1E03B00085E03 /* Resources */ = {
			isa = PBXResourcesBuildPhase;
			buildActionMask = 2147483647;
			files = (
				A9B037ED24C1E03D00085E03 /* LaunchScreen.storyboard in Resources */,
				A9B037EA24C1E03D00085E03 /* Preview Assets.xcassets in Resources */,
				A9B037E724C1E03D00085E03 /* Assets.xcassets in Resources */,
			);
			runOnlyForDeploymentPostprocessing = 0;
		};
/* End PBXResourcesBuildPhase section */

/* Begin PBXSourcesBuildPhase section */
		A9B037D624C1E03B00085E03 /* Sources */ = {
			isa = PBXSourcesBuildPhase;
			buildActionMask = 2147483647;
			files = (
				A9B037F724C1E08100085E03 /* BarView.swift in Sources */,
				A9B037F924C1E09100085E03 /* Bar Graph.swift in Sources */,
				A9B037E324C1E03B00085E03 /* Bar_Graph.xcdatamodeld in Sources */,
				A9B037F524C1E07000085E03 /* Report.swift in Sources */,
				A9B037DE24C1E03B00085E03 /* AppDelegate.swift in Sources */,
				A9B037E524C1E03B00085E03 /* ContentView.swift in Sources */,
				A9B037E024C1E03B00085E03 /* SceneDelegate.swift in Sources */,
			);
			runOnlyForDeploymentPostprocessing = 0;
		};
/* End PBXSourcesBuildPhase section */

/* Begin PBXVariantGroup section */
		A9B037EB24C1E03D00085E03 /* LaunchScreen.storyboard */ = {
			isa = PBXVariantGroup;
			children = (
				A9B037EC24C1E03D00085E03 /* Base */,
			);
			name = LaunchScreen.storyboard;
			sourceTree = "<group>";
		};
/* End PBXVariantGroup section */

/* Begin XCBuildConfiguration section */
		A9B037EF24C1E03D00085E03 /* Debug */ = {
			isa = XCBuildConfiguration;
			buildSettings = {
				ALWAYS_SEARCH_USER_PATHS = NO;
				CLANG_ANALYZER_NONNULL = YES;
				CLANG_ANALYZER_NUMBER_OBJECT_CONVERSION = YES_AGGRESSIVE;
				CLANG_CXX_LANGUAGE_STANDARD = "gnu++14";
				CLANG_CXX_LIBRARY = "libc++";
				CLANG_ENABLE_MODULES = YES;
				CLANG_ENABLE_OBJC_ARC = YES;
				CLANG_ENABLE_OBJC_WEAK = YES;
				CLANG_WARN_BLOCK_CAPTURE_AUTORELEASING = YES;
				CLANG_WARN_BOOL_CONVERSION = YES;
				CLANG_WARN_COMMA = YES;
				CLANG_WARN_CONSTANT_CONVERSION = YES;
				CLANG_WARN_DEPRECATED_OBJC_IMPLEMENTATIONS = YES;
				CLANG_WARN_DIRECT_OBJC_ISA_USAGE = YES_ERROR;
				CLANG_WARN_DOCUMENTATION_COMMENTS = YES;
				CLANG_WARN_EMPTY_BODY = YES;
				CLANG_WARN_ENUM_CONVERSION = YES;
				CLANG_WARN_INFINITE_RECURSION = YES;
				CLANG_WARN_INT_CONVERSION = YES;
				CLANG_WARN_NON_LITERAL_NULL_CONVERSION = YES;
				CLANG_WARN_OBJC_IMPLICIT_RETAIN_SELF = YES;
				CLANG_WARN_OBJC_LITERAL_CONVERSION = YES;
				CLANG_WARN_OBJC_ROOT_CLASS = YES_ERROR;
				CLANG_WARN_RANGE_LOOP_ANALYSIS = YES;
				CLANG_WARN_STRICT_PROTOTYPES = YES;
				CLANG_WARN_SUSPICIOUS_MOVE = YES;
				CLANG_WARN_UNGUARDED_AVAILABILITY = YES_AGGRESSIVE;
				CLANG_WARN_UNREACHABLE_CODE = YES;
				CLANG_WARN__DUPLICATE_METHOD_MATCH = YES;
				COPY_PHASE_STRIP = NO;
				DEBUG_INFORMATION_FORMAT = dwarf;
				ENABLE_STRICT_OBJC_MSGSEND = YES;
				ENABLE_TESTABILITY = YES;
				GCC_C_LANGUAGE_STANDARD = gnu11;
				GCC_DYNAMIC_NO_PIC = NO;
				GCC_NO_COMMON_BLOCKS = YES;
				GCC_OPTIMIZATION_LEVEL = 0;
				GCC_PREPROCESSOR_DEFINITIONS = (
					"DEBUG=1",
					"$(inherited)",
				);
				GCC_WARN_64_TO_32_BIT_CONVERSION = YES;
				GCC_WARN_ABOUT_RETURN_TYPE = YES_ERROR;
				GCC_WARN_UNDECLARED_SELECTOR = YES;
				GCC_WARN_UNINITIALIZED_AUTOS = YES_AGGRESSIVE;
				GCC_WARN_UNUSED_FUNCTION = YES;
				GCC_WARN_UNUSED_VARIABLE = YES;
				IPHONEOS_DEPLOYMENT_TARGET = 13.5;
				MTL_ENABLE_DEBUG_INFO = INCLUDE_SOURCE;
				MTL_FAST_MATH = YES;
				ONLY_ACTIVE_ARCH = YES;
				SDKROOT = iphoneos;
				SWIFT_ACTIVE_COMPILATION_CONDITIONS = DEBUG;
				SWIFT_OPTIMIZATION_LEVEL = "-Onone";
			};
			name = Debug;
		};
		A9B037F024C1E03D00085E03 /* Release */ = {
			isa = XCBuildConfiguration;
			buildSettings = {
				ALWAYS_SEARCH_USER_PATHS = NO;
				CLANG_ANALYZER_NONNULL = YES;
				CLANG_ANALYZER_NUMBER_OBJECT_CONVERSION = YES_AGGRESSIVE;
				CLANG_CXX_LANGUAGE_STANDARD = "gnu++14";
				CLANG_CXX_LIBRARY = "libc++";
				CLANG_ENABLE_MODULES = YES;
				CLANG_ENABLE_OBJC_ARC = YES;
				CLANG_ENABLE_OBJC_WEAK = YES;
				CLANG_WARN_BLOCK_CAPTURE_AUTORELEASING = YES;
				CLANG_WARN_BOOL_CONVERSION = YES;
				CLANG_WARN_COMMA = YES;
				CLANG_WARN_CONSTANT_CONVERSION = YES;
				CLANG_WARN_DEPRECATED_OBJC_IMPLEMENTATIONS = YES;
				CLANG_WARN_DIRECT_OBJC_ISA_USAGE = YES_ERROR;
				CLANG_WARN_DOCUMENTATION_COMMENTS = YES;
				CLANG_WARN_EMPTY_BODY = YES;
				CLANG_WARN_ENUM_CONVERSION = YES;
				CLANG_WARN_INFINITE_RECURSION = YES;
				CLANG_WARN_INT_CONVERSION = YES;
				CLANG_WARN_NON_LITERAL_NULL_CONVERSION = YES;
				CLANG_WARN_OBJC_IMPLICIT_RETAIN_SELF = YES;
				CLANG_WARN_OBJC_LITERAL_CONVERSION = YES;
				CLANG_WARN_OBJC_ROOT_CLASS = YES_ERROR;
				CLANG_WARN_RANGE_LOOP_ANALYSIS = YES;
				CLANG_WARN_STRICT_PROTOTYPES = YES;
				CLANG_WARN_SUSPICIOUS_MOVE = YES;
				CLANG_WARN_UNGUARDED_AVAILABILITY = YES_AGGRESSIVE;
				CLANG_WARN_UNREACHABLE_CODE = YES;
				CLANG_WARN__DUPLICATE_METHOD_MATCH = YES;
				COPY_PHASE_STRIP = NO;
				DEBUG_INFORMATION_FORMAT = "dwarf-with-dsym";
				ENABLE_NS_ASSERTIONS = NO;
				ENABLE_STRICT_OBJC_MSGSEND = YES;
				GCC_C_LANGUAGE_STANDARD = gnu11;
				GCC_NO_COMMON_BLOCKS = YES;
				GCC_WARN_64_TO_32_BIT_CONVERSION = YES;
				GCC_WARN_ABOUT_RETURN_TYPE = YES_ERROR;
				GCC_WARN_UNDECLARED_SELECTOR = YES;
				GCC_WARN_UNINITIALIZED_AUTOS = YES_AGGRESSIVE;
				GCC_WARN_UNUSED_FUNCTION = YES;
				GCC_WARN_UNUSED_VARIABLE = YES;
				IPHONEOS_DEPLOYMENT_TARGET = 13.5;
				MTL_ENABLE_DEBUG_INFO = NO;
				MTL_FAST_MATH = YES;
				SDKROOT = iphoneos;
				SWIFT_COMPILATION_MODE = wholemodule;
				SWIFT_OPTIMIZATION_LEVEL = "-O";
				VALIDATE_PRODUCT = YES;
			};
			name = Release;
		};
		A9B037F224C1E03D00085E03 /* Debug */ = {
			isa = XCBuildConfiguration;
			buildSettings = {
				ASSETCATALOG_COMPILER_APPICON_NAME = AppIcon;
				CODE_SIGN_STYLE = Automatic;
				DEVELOPMENT_ASSET_PATHS = "\"Bar Graph/Utils/Preview Content\"";
				DEVELOPMENT_TEAM = 4XH46752B8;
				ENABLE_PREVIEWS = YES;
				INFOPLIST_FILE = "Bar Graph/Utils/Info.plist";
				LD_RUNPATH_SEARCH_PATHS = (
					"$(inherited)",
					"@executable_path/Frameworks",
				);
				PRODUCT_BUNDLE_IDENTIFIER = "com.MarcoLopes.Bar-Graph";
				PRODUCT_NAME = "$(TARGET_NAME)";
				SWIFT_VERSION = 5.0;
				TARGETED_DEVICE_FAMILY = "1,2";
			};
			name = Debug;
		};
		A9B037F324C1E03D00085E03 /* Release */ = {
			isa = XCBuildConfiguration;
			buildSettings = {
				ASSETCATALOG_COMPILER_APPICON_NAME = AppIcon;
				CODE_SIGN_STYLE = Automatic;
				DEVELOPMENT_ASSET_PATHS = "\"Bar Graph/Utils/Preview Content\"";
				DEVELOPMENT_TEAM = 4XH46752B8;
				ENABLE_PREVIEWS = YES;
				INFOPLIST_FILE = "Bar Graph/Utils/Info.plist";
				LD_RUNPATH_SEARCH_PATHS = (
					"$(inherited)",
					"@executable_path/Frameworks",
				);
				PRODUCT_BUNDLE_IDENTIFIER = "com.MarcoLopes.Bar-Graph";
				PRODUCT_NAME = "$(TARGET_NAME)";
				SWIFT_VERSION = 5.0;
				TARGETED_DEVICE_FAMILY = "1,2";
			};
			name = Release;
		};
/* End XCBuildConfiguration section */

/* Begin XCConfigurationList section */
		A9B037D524C1E03B00085E03 /* Build configuration list for PBXProject "Bar Graph" */ = {
			isa = XCConfigurationList;
			buildConfigurations = (
				A9B037EF24C1E03D00085E03 /* Debug */,
				A9B037F024C1E03D00085E03 /* Release */,
			);
			defaultConfigurationIsVisible = 0;
			defaultConfigurationName = Release;
		};
		A9B037F124C1E03D00085E03 /* Build configuration list for PBXNativeTarget "Bar Graph" */ = {
			isa = XCConfigurationList;
			buildConfigurations = (
				A9B037F224C1E03D00085E03 /* Debug */,
				A9B037F324C1E03D00085E03 /* Release */,
			);
			defaultConfigurationIsVisible = 0;
			defaultConfigurationName = Release;
		};
/* End XCConfigurationList section */

/* Begin XCVersionGroup section */
		A9B037E124C1E03B00085E03 /* Bar_Graph.xcdatamodeld */ = {
			isa = XCVersionGroup;
			children = (
				A9B037E224C1E03B00085E03 /* Bar_Graph.xcdatamodel */,
			);
			currentVersion = A9B037E224C1E03B00085E03 /* Bar_Graph.xcdatamodel */;
			path = Bar_Graph.xcdatamodeld;
			sourceTree = "<group>";
			versionGroupType = wrapper.xcdatamodel;
		};
/* End XCVersionGroup section */
	};
	rootObject = A9B037D224C1E03B00085E03 /* Project object */;
}
